
Microsoft Visual Studio Solution File, Format Version 12.00
# Visual Studio Version 16
VisualStudioVersion = 25.0.1704.0
MinimumVisualStudioVersion = 10.0.40219.1
Project("{FAE04EC0-301F-11D3-BF4B-00C04F79EFBC}") = "TestProj", "TestProj\TestProj.csproj", "{4282023B-6F34-4B4A-BBE9-C16336EBD0BB}"
EndProject
Global
	GlobalSection(SolutionConfigurationPlatforms) = preSolution
		Debug|Any CPU = Debug|Any CPU
		Release|Any CPU = Release|Any CPU
	EndGlobalSection
	GlobalSection(ProjectConfigurationPlatforms) = postSolution
		{4282023B-6F34-4B4A-BBE9-C16336EBD0BB}.Debug|Any CPU.ActiveCfg = Debug|Any CPU
		{4282023B-6F34-4B4A-BBE9-C16336EBD0BB}.Debug|Any CPU.Build.0 = Debug|Any CPU
		{4282023B-6F34-4B4A-BBE9-C16336EBD0BB}.Release|Any CPU.ActiveCfg = Release|Any CPU
		{4282023B-6F34-4B4A-BBE9-C16336EBD0BB}.Release|Any CPU.Build.0 = Release|Any CPU
	EndGlobalSection
	GlobalSection(SolutionProperties) = preSolution
		HideSolutionNode = FALSE
	EndGlobalSection
	GlobalSection(ExtensibilityGlobals) = postSolution
		SolutionGuid = {044725C6-4D54-499F-931B-D701FA08DC91}
	EndGlobalSection
EndGlobal
